
Microsoft Visual Studio Solution File, Format Version 12.00
# Visual Studio Version 16
VisualStudioVersion = 16.0.29009.5
MinimumVisualStudioVersion = 10.0.40219.1
Project("{9A19103F-16F7-4668-BE54-9A1E7A4F7556}") = "Socloo.Data", "Socloo.Data\Socloo.Data.csproj", "{1B5B6537-97E9-4E26-99A6-157E870E74DE}"
EndProject
Project("{FAE04EC0-301F-11D3-BF4B-00C04F79EFBC}") = "SoclooAPI", "SoclooAPI\SoclooAPI.csproj", "{87092EC9-D454-41C1-BEAA-852983D70AAC}"
EndProject
Global
	GlobalSection(SolutionConfigurationPlatforms) = preSolution
		Debug|Any CPU = Debug|Any CPU
		Release|Any CPU = Release|Any CPU
	EndGlobalSection
	GlobalSection(ProjectConfigurationPlatforms) = postSolution
		{1B5B6537-97E9-4E26-99A6-157E870E74DE}.Debug|Any CPU.ActiveCfg = Debug|Any CPU
		{1B5B6537-97E9-4E26-99A6-157E870E74DE}.Debug|Any CPU.Build.0 = Debug|Any CPU
		{1B5B6537-97E9-4E26-99A6-157E870E74DE}.Release|Any CPU.ActiveCfg = Release|Any CPU
		{1B5B6537-97E9-4E26-99A6-157E870E74DE}.Release|Any CPU.Build.0 = Release|Any CPU
		{87092EC9-D454-41C1-BEAA-852983D70AAC}.Debug|Any CPU.ActiveCfg = Debug|Any CPU
		{87092EC9-D454-41C1-BEAA-852983D70AAC}.Debug|Any CPU.Build.0 = Debug|Any CPU
		{87092EC9-D454-41C1-BEAA-852983D70AAC}.Release|Any CPU.ActiveCfg = Release|Any CPU
		{87092EC9-D454-41C1-BEAA-852983D70AAC}.Release|Any CPU.Build.0 = Release|Any CPU
	EndGlobalSection
	GlobalSection(SolutionProperties) = preSolution
		HideSolutionNode = FALSE
	EndGlobalSection
	GlobalSection(ExtensibilityGlobals) = postSolution
		SolutionGuid = {E3A793D9-A436-4981-A187-A9606DD37D24}
	EndGlobalSection
EndGlobal
