
Microsoft Visual Studio Solution File, Format Version 12.00
# Visual Studio Version 16
VisualStudioVersion = 16.0.29009.5
MinimumVisualStudioVersion = 10.0.40219.1
Project("{FAE04EC0-301F-11D3-BF4B-00C04F79EFBC}") = "SoclooData", "SoclooData\SoclooData.csproj", "{F465DF9F-E9C6-4907-B7B0-CD26FB0FD0BB}"
EndProject
Project("{FAE04EC0-301F-11D3-BF4B-00C04F79EFBC}") = "SoclooAPI", "SoclooAPI\SoclooAPI.csproj", "{34F25704-05CA-4D3E-A31B-382D40FE6221}"
	ProjectSection(ProjectDependencies) = postProject
		{F465DF9F-E9C6-4907-B7B0-CD26FB0FD0BB} = {F465DF9F-E9C6-4907-B7B0-CD26FB0FD0BB}
	EndProjectSection
EndProject
Global
	GlobalSection(SolutionConfigurationPlatforms) = preSolution
		Debug|Any CPU = Debug|Any CPU
		Release|Any CPU = Release|Any CPU
	EndGlobalSection
	GlobalSection(ProjectConfigurationPlatforms) = postSolution
		{F465DF9F-E9C6-4907-B7B0-CD26FB0FD0BB}.Debug|Any CPU.ActiveCfg = Debug|Any CPU
		{F465DF9F-E9C6-4907-B7B0-CD26FB0FD0BB}.Debug|Any CPU.Build.0 = Debug|Any CPU
		{F465DF9F-E9C6-4907-B7B0-CD26FB0FD0BB}.Release|Any CPU.ActiveCfg = Release|Any CPU
		{F465DF9F-E9C6-4907-B7B0-CD26FB0FD0BB}.Release|Any CPU.Build.0 = Release|Any CPU
		{34F25704-05CA-4D3E-A31B-382D40FE6221}.Debug|Any CPU.ActiveCfg = Debug|Any CPU
		{34F25704-05CA-4D3E-A31B-382D40FE6221}.Debug|Any CPU.Build.0 = Debug|Any CPU
		{34F25704-05CA-4D3E-A31B-382D40FE6221}.Release|Any CPU.ActiveCfg = Release|Any CPU
		{34F25704-05CA-4D3E-A31B-382D40FE6221}.Release|Any CPU.Build.0 = Release|Any CPU
	EndGlobalSection
	GlobalSection(SolutionProperties) = preSolution
		HideSolutionNode = FALSE
	EndGlobalSection
	GlobalSection(ExtensibilityGlobals) = postSolution
		SolutionGuid = {E3A793D9-A436-4981-A187-A9606DD37D24}
	EndGlobalSection
EndGlobal
