
Microsoft Visual Studio Solution File, Format Version 12.00
# Visual Studio Version 16
VisualStudioVersion = 16.0.29009.5
MinimumVisualStudioVersion = 10.0.40219.1
Project("{FAE04EC0-301F-11D3-BF4B-00C04F79EFBC}") = "Socloo.Data", "Socloo.Data\Socloo.Data.csproj", "{1C452D67-1325-4C7F-BDAD-1A30AF2DEEDF}"
EndProject
Global
	GlobalSection(SolutionConfigurationPlatforms) = preSolution
		Debug|Any CPU = Debug|Any CPU
		Release|Any CPU = Release|Any CPU
	EndGlobalSection
	GlobalSection(ProjectConfigurationPlatforms) = postSolution
		{1C452D67-1325-4C7F-BDAD-1A30AF2DEEDF}.Debug|Any CPU.ActiveCfg = Debug|Any CPU
		{1C452D67-1325-4C7F-BDAD-1A30AF2DEEDF}.Debug|Any CPU.Build.0 = Debug|Any CPU
		{1C452D67-1325-4C7F-BDAD-1A30AF2DEEDF}.Release|Any CPU.ActiveCfg = Release|Any CPU
		{1C452D67-1325-4C7F-BDAD-1A30AF2DEEDF}.Release|Any CPU.Build.0 = Release|Any CPU
	EndGlobalSection
	GlobalSection(SolutionProperties) = preSolution
		HideSolutionNode = FALSE
	EndGlobalSection
	GlobalSection(ExtensibilityGlobals) = postSolution
		SolutionGuid = {E3A793D9-A436-4981-A187-A9606DD37D24}
	EndGlobalSection
EndGlobal
